Microsoft Visual Studio Solution File, Format Version 12.00
# Visual Studio Version 17
VisualStudioVersion = 17.5.2.0
MinimumVisualStudioVersion = 10.0.40219.1
Project("{FAE04EC0-301F-11D3-BF4B-00C04F79EFBC}") = "GetItDone", "GetItDone\GetItDone.csproj", "{47F5184A-3F4B-DB7A-5A07-772FF9371AC5}"
EndProject
Global
	GlobalSection(SolutionConfigurationPlatforms) = preSolution
		Debug|Any CPU = Debug|Any CPU
		Release|Any CPU = Release|Any CPU
	EndGlobalSection
	GlobalSection(ProjectConfigurationPlatforms) = postSolution
		{47F5184A-3F4B-DB7A-5A07-772FF9371AC5}.Debug|Any CPU.ActiveCfg = Debug|Any CPU
		{47F5184A-3F4B-DB7A-5A07-772FF9371AC5}.Debug|Any CPU.Build.0 = Debug|Any CPU
		{47F5184A-3F4B-DB7A-5A07-772FF9371AC5}.Release|Any CPU.ActiveCfg = Release|Any CPU
		{47F5184A-3F4B-DB7A-5A07-772FF9371AC5}.Release|Any CPU.Build.0 = Release|Any CPU
	EndGlobalSection
	GlobalSection(SolutionProperties) = preSolution
		HideSolutionNode = FALSE
	EndGlobalSection
	GlobalSection(ExtensibilityGlobals) = postSolution
		SolutionGuid = {540F9529-ED77-4767-8287-EDB463FFB354}
	EndGlobalSection
EndGlobal
